
Microsoft Visual Studio Solution File, Format Version 12.00
# Visual Studio Version 17
VisualStudioVersion = 17.7.34018.315
MinimumVisualStudioVersion = 10.0.40219.1
Project("{9A19103F-16F7-4668-BE54-9A1E7A4F7556}") = "SweeftTasks", "SweeftTasks\SweeftTasks.csproj", "{DA8C082F-8465-4DDD-986A-A3AFDC1A4FF0}"
EndProject
Project("{9A19103F-16F7-4668-BE54-9A1E7A4F7556}") = "SweeftEntityFramoworkApp", "SweeftEntityFramoworkApp\SweeftEntityFramoworkApp.csproj", "{456D8BD1-6D4D-40C5-89BD-409E6E9ABB30}"
EndProject
Project("{FAE04EC0-301F-11D3-BF4B-00C04F79EFBC}") = "GenerateCountryDataFilesTask", "GenerateCountryDataFilesTask\GenerateCountryDataFilesTask.csproj", "{CD716CA1-0C16-4BAC-AED6-0795FFB5283D}"
EndProject
Global
	GlobalSection(SolutionConfigurationPlatforms) = preSolution
		Debug|Any CPU = Debug|Any CPU
		Release|Any CPU = Release|Any CPU
	EndGlobalSection
	GlobalSection(ProjectConfigurationPlatforms) = postSolution
		{DA8C082F-8465-4DDD-986A-A3AFDC1A4FF0}.Debug|Any CPU.ActiveCfg = Debug|Any CPU
		{DA8C082F-8465-4DDD-986A-A3AFDC1A4FF0}.Debug|Any CPU.Build.0 = Debug|Any CPU
		{DA8C082F-8465-4DDD-986A-A3AFDC1A4FF0}.Release|Any CPU.ActiveCfg = Release|Any CPU
		{DA8C082F-8465-4DDD-986A-A3AFDC1A4FF0}.Release|Any CPU.Build.0 = Release|Any CPU
		{456D8BD1-6D4D-40C5-89BD-409E6E9ABB30}.Debug|Any CPU.ActiveCfg = Debug|Any CPU
		{456D8BD1-6D4D-40C5-89BD-409E6E9ABB30}.Debug|Any CPU.Build.0 = Debug|Any CPU
		{456D8BD1-6D4D-40C5-89BD-409E6E9ABB30}.Release|Any CPU.ActiveCfg = Release|Any CPU
		{456D8BD1-6D4D-40C5-89BD-409E6E9ABB30}.Release|Any CPU.Build.0 = Release|Any CPU
		{CD716CA1-0C16-4BAC-AED6-0795FFB5283D}.Debug|Any CPU.ActiveCfg = Debug|Any CPU
		{CD716CA1-0C16-4BAC-AED6-0795FFB5283D}.Debug|Any CPU.Build.0 = Debug|Any CPU
		{CD716CA1-0C16-4BAC-AED6-0795FFB5283D}.Release|Any CPU.ActiveCfg = Release|Any CPU
		{CD716CA1-0C16-4BAC-AED6-0795FFB5283D}.Release|Any CPU.Build.0 = Release|Any CPU
	EndGlobalSection
	GlobalSection(SolutionProperties) = preSolution
		HideSolutionNode = FALSE
	EndGlobalSection
	GlobalSection(ExtensibilityGlobals) = postSolution
		SolutionGuid = {738C5A35-BED2-41BE-A7BB-75CB33BDAFBB}
	EndGlobalSection
EndGlobal
